// !$*UTF8*$!
{
	archiveVersion = 1;
	classes = {
	};
	objectVersion = 56;
	objects = {

/* Begin PBXBuildFile section */
		DE69A8CF2AF98C60002D1226 /* LoginController.swift in Sources */ = {isa = PBXBuildFile; fileRef = DE69A8CE2AF98C60002D1226 /* LoginController.swift */; };
		DE69A8D12AF98C78002D1226 /* RegstrationController.swift in Sources */ = {isa = PBXBuildFile; fileRef = DE69A8D02AF98C78002D1226 /* RegstrationController.swift */; };
		DE741E5D2AFC392B005B82D4 /* CustomTextField.swift in Sources */ = {isa = PBXBuildFile; fileRef = DE741E5C2AFC392B005B82D4 /* CustomTextField.swift */; };
		DEB9AF6E2AF6EDD500466782 /* FeedCell.swift in Sources */ = {isa = PBXBuildFile; fileRef = DEB9AF6D2AF6EDD500466782 /* FeedCell.swift */; };
		DEB9AF702AF6EFB900466782 /* Extensions.swift in Sources */ = {isa = PBXBuildFile; fileRef = DEB9AF6F2AF6EFB900466782 /* Extensions.swift */; };
		DEE5082C2AF5B1DF00F6C307 /* AppDelegate.swift in Sources */ = {isa = PBXBuildFile; fileRef = DEE5082B2AF5B1DF00F6C307 /* AppDelegate.swift */; };
		DEE5082E2AF5B1DF00F6C307 /* SceneDelegate.swift in Sources */ = {isa = PBXBuildFile; fileRef = DEE5082D2AF5B1DF00F6C307 /* SceneDelegate.swift */; };
		DEE508302AF5B1DF00F6C307 /* ViewController.swift in Sources */ = {isa = PBXBuildFile; fileRef = DEE5082F2AF5B1DF00F6C307 /* ViewController.swift */; };
		DEE508332AF5B1DF00F6C307 /* Main.storyboard in Resources */ = {isa = PBXBuildFile; fileRef = DEE508312AF5B1DF00F6C307 /* Main.storyboard */; };
		DEE508352AF5B1E000F6C307 /* Assets.xcassets in Resources */ = {isa = PBXBuildFile; fileRef = DEE508342AF5B1E000F6C307 /* Assets.xcassets */; };
		DEE508382AF5B1E000F6C307 /* LaunchScreen.storyboard in Resources */ = {isa = PBXBuildFile; fileRef = DEE508362AF5B1E000F6C307 /* LaunchScreen.storyboard */; };
		DEE508472AF5B3E600F6C307 /* MainTabController.swift in Sources */ = {isa = PBXBuildFile; fileRef = DEE508462AF5B3E600F6C307 /* MainTabController.swift */; };
		DEE508492AF5B64300F6C307 /* FeedController.swift in Sources */ = {isa = PBXBuildFile; fileRef = DEE508482AF5B64300F6C307 /* FeedController.swift */; };
		DEE5084B2AF5B65800F6C307 /* SearchController.swift in Sources */ = {isa = PBXBuildFile; fileRef = DEE5084A2AF5B65800F6C307 /* SearchController.swift */; };
		DEE5084D2AF5B67000F6C307 /* ImageSelectorController.swift in Sources */ = {isa = PBXBuildFile; fileRef = DEE5084C2AF5B67000F6C307 /* ImageSelectorController.swift */; };
		DEE508512AF5B6B600F6C307 /* ProfileController.swift in Sources */ = {isa = PBXBuildFile; fileRef = DEE508502AF5B6B600F6C307 /* ProfileController.swift */; };
		DEE508532AF5B88000F6C307 /* NotificationController.swift in Sources */ = {isa = PBXBuildFile; fileRef = DEE508522AF5B88000F6C307 /* NotificationController.swift */; };
/* End PBXBuildFile section */

/* Begin PBXFileReference section */
		DE69A8CE2AF98C60002D1226 /* LoginController.swift */ = {isa = PBXFileReference; lastKnownFileType = sourcecode.swift; path = LoginController.swift; sourceTree = "<group>"; };
		DE69A8D02AF98C78002D1226 /* RegstrationController.swift */ = {isa = PBXFileReference; lastKnownFileType = sourcecode.swift; path = RegstrationController.swift; sourceTree = "<group>"; };
		DE741E5C2AFC392B005B82D4 /* CustomTextField.swift */ = {isa = PBXFileReference; lastKnownFileType = sourcecode.swift; path = CustomTextField.swift; sourceTree = "<group>"; };
		DEB9AF6D2AF6EDD500466782 /* FeedCell.swift */ = {isa = PBXFileReference; lastKnownFileType = sourcecode.swift; path = FeedCell.swift; sourceTree = "<group>"; };
		DEB9AF6F2AF6EFB900466782 /* Extensions.swift */ = {isa = PBXFileReference; lastKnownFileType = sourcecode.swift; path = Extensions.swift; sourceTree = "<group>"; };
		DEE508282AF5B1DF00F6C307 /* InstagramFirestoreTutorial.app */ = {isa = PBXFileReference; explicitFileType = wrapper.application; includeInIndex = 0; path = InstagramFirestoreTutorial.app; sourceTree = BUILT_PRODUCTS_DIR; };
		DEE5082B2AF5B1DF00F6C307 /* AppDelegate.swift */ = {isa = PBXFileReference; lastKnownFileType = sourcecode.swift; path = AppDelegate.swift; sourceTree = "<group>"; };
		DEE5082D2AF5B1DF00F6C307 /* SceneDelegate.swift */ = {isa = PBXFileReference; lastKnownFileType = sourcecode.swift; path = SceneDelegate.swift; sourceTree = "<group>"; };
		DEE5082F2AF5B1DF00F6C307 /* ViewController.swift */ = {isa = PBXFileReference; lastKnownFileType = sourcecode.swift; path = ViewController.swift; sourceTree = "<group>"; };
		DEE508322AF5B1DF00F6C307 /* Base */ = {isa = PBXFileReference; lastKnownFileType = file.storyboard; name = Base; path = Base.lproj/Main.storyboard; sourceTree = "<group>"; };
		DEE508342AF5B1E000F6C307 /* Assets.xcassets */ = {isa = PBXFileReference; lastKnownFileType = folder.assetcatalog; path = Assets.xcassets; sourceTree = "<group>"; };
		DEE508372AF5B1E000F6C307 /* Base */ = {isa = PBXFileReference; lastKnownFileType = file.storyboard; name = Base; path = Base.lproj/LaunchScreen.storyboard; sourceTree = "<group>"; };
		DEE508392AF5B1E000F6C307 /* Info.plist */ = {isa = PBXFileReference; lastKnownFileType = text.plist.xml; path = Info.plist; sourceTree = "<group>"; };
		DEE508462AF5B3E600F6C307 /* MainTabController.swift */ = {isa = PBXFileReference; lastKnownFileType = sourcecode.swift; path = MainTabController.swift; sourceTree = "<group>"; };
		DEE508482AF5B64300F6C307 /* FeedController.swift */ = {isa = PBXFileReference; lastKnownFileType = sourcecode.swift; path = FeedController.swift; sourceTree = "<group>"; };
		DEE5084A2AF5B65800F6C307 /* SearchController.swift */ = {isa = PBXFileReference; lastKnownFileType = sourcecode.swift; path = SearchController.swift; sourceTree = "<group>"; };
		DEE5084C2AF5B67000F6C307 /* ImageSelectorController.swift */ = {isa = PBXFileReference; lastKnownFileType = sourcecode.swift; path = ImageSelectorController.swift; sourceTree = "<group>"; };
		DEE508502AF5B6B600F6C307 /* ProfileController.swift */ = {isa = PBXFileReference; lastKnownFileType = sourcecode.swift; path = ProfileController.swift; sourceTree = "<group>"; };
		DEE508522AF5B88000F6C307 /* NotificationController.swift */ = {isa = PBXFileReference; lastKnownFileType = sourcecode.swift; path = NotificationController.swift; sourceTree = "<group>"; };
/* End PBXFileReference section */

/* Begin PBXFrameworksBuildPhase section */
		DEE508252AF5B1DF00F6C307 /* Frameworks */ = {
			isa = PBXFrameworksBuildPhase;
			buildActionMask = 2147483647;
			files = (
			);
			runOnlyForDeploymentPostprocessing = 0;
		};
/* End PBXFrameworksBuildPhase section */

/* Begin PBXGroup section */
		DE69A8CD2AF98C29002D1226 /* Authentication */ = {
			isa = PBXGroup;
			children = (
				DE69A8CE2AF98C60002D1226 /* LoginController.swift */,
				DE69A8D02AF98C78002D1226 /* RegstrationController.swift */,
			);
			path = Authentication;
			sourceTree = "<group>";
		};
		DEE5081F2AF5B1DF00F6C307 = {
			isa = PBXGroup;
			children = (
				DEE5082A2AF5B1DF00F6C307 /* InstagramFirestoreTutorial */,
				DEE508292AF5B1DF00F6C307 /* Products */,
			);
			sourceTree = "<group>";
		};
		DEE508292AF5B1DF00F6C307 /* Products */ = {
			isa = PBXGroup;
			children = (
				DEE508282AF5B1DF00F6C307 /* InstagramFirestoreTutorial.app */,
			);
			name = Products;
			sourceTree = "<group>";
		};
		DEE5082A2AF5B1DF00F6C307 /* InstagramFirestoreTutorial */ = {
			isa = PBXGroup;
			children = (
				DEE508442AF5B29000F6C307 /* Model */,
				DEE508432AF5B28900F6C307 /* View */,
				DEE508422AF5B28500F6C307 /* ViewModel */,
				DEE508412AF5B27900F6C307 /* Controller */,
				DEE5083F2AF5B24C00F6C307 /* API */,
				DEE508452AF5B31400F6C307 /* Utils */,
				DEE5082B2AF5B1DF00F6C307 /* AppDelegate.swift */,
				DEE5082D2AF5B1DF00F6C307 /* SceneDelegate.swift */,
				DEE5082F2AF5B1DF00F6C307 /* ViewController.swift */,
				DEE508312AF5B1DF00F6C307 /* Main.storyboard */,
				DEE508342AF5B1E000F6C307 /* Assets.xcassets */,
				DEE508362AF5B1E000F6C307 /* LaunchScreen.storyboard */,
				DEE508392AF5B1E000F6C307 /* Info.plist */,
			);
			path = InstagramFirestoreTutorial;
			sourceTree = "<group>";
		};
		DEE5083F2AF5B24C00F6C307 /* API */ = {
			isa = PBXGroup;
			children = (
			);
			path = API;
			sourceTree = "<group>";
		};
		DEE508412AF5B27900F6C307 /* Controller */ = {
			isa = PBXGroup;
			children = (
				DE69A8CD2AF98C29002D1226 /* Authentication */,
				DEE508462AF5B3E600F6C307 /* MainTabController.swift */,
				DEE508482AF5B64300F6C307 /* FeedController.swift */,
				DEE5084A2AF5B65800F6C307 /* SearchController.swift */,
				DEE5084C2AF5B67000F6C307 /* ImageSelectorController.swift */,
				DEE508522AF5B88000F6C307 /* NotificationController.swift */,
				DEE508502AF5B6B600F6C307 /* ProfileController.swift */,
			);
			path = Controller;
			sourceTree = "<group>";
		};
		DEE508422AF5B28500F6C307 /* ViewModel */ = {
			isa = PBXGroup;
			children = (
			);
			path = ViewModel;
			sourceTree = "<group>";
		};
		DEE508432AF5B28900F6C307 /* View */ = {
			isa = PBXGroup;
			children = (
				DEB9AF6D2AF6EDD500466782 /* FeedCell.swift */,
				DE741E5C2AFC392B005B82D4 /* CustomTextField.swift */,
			);
			path = View;
			sourceTree = "<group>";
		};
		DEE508442AF5B29000F6C307 /* Model */ = {
			isa = PBXGroup;
			children = (
			);
			path = Model;
			sourceTree = "<group>";
		};
		DEE508452AF5B31400F6C307 /* Utils */ = {
			isa = PBXGroup;
			children = (
				DEB9AF6F2AF6EFB900466782 /* Extensions.swift */,
			);
			path = Utils;
			sourceTree = "<group>";
		};
/* End PBXGroup section */

/* Begin PBXNativeTarget section */
		DEE508272AF5B1DF00F6C307 /* InstagramFirestoreTutorial */ = {
			isa = PBXNativeTarget;
			buildConfigurationList = DEE5083C2AF5B1E000F6C307 /* Build configuration list for PBXNativeTarget "InstagramFirestoreTutorial" */;
			buildPhases = (
				DEE508242AF5B1DF00F6C307 /* Sources */,
				DEE508252AF5B1DF00F6C307 /* Frameworks */,
				DEE508262AF5B1DF00F6C307 /* Resources */,
			);
			buildRules = (
			);
			dependencies = (
			);
			name = InstagramFirestoreTutorial;
			productName = InstagramFirestoreTutorial;
			productReference = DEE508282AF5B1DF00F6C307 /* InstagramFirestoreTutorial.app */;
			productType = "com.apple.product-type.application";
		};
/* End PBXNativeTarget section */

/* Begin PBXProject section */
		DEE508202AF5B1DF00F6C307 /* Project object */ = {
			isa = PBXProject;
			attributes = {
				BuildIndependentTargetsInParallel = 1;
				LastSwiftUpdateCheck = 1500;
				LastUpgradeCheck = 1500;
				TargetAttributes = {
					DEE508272AF5B1DF00F6C307 = {
						CreatedOnToolsVersion = 15.0;
					};
				};
			};
			buildConfigurationList = DEE508232AF5B1DF00F6C307 /* Build configuration list for PBXProject "InstagramFirestoreTutorial" */;
			compatibilityVersion = "Xcode 14.0";
			developmentRegion = en;
			hasScannedForEncodings = 0;
			knownRegions = (
				en,
				Base,
			);
			mainGroup = DEE5081F2AF5B1DF00F6C307;
			productRefGroup = DEE508292AF5B1DF00F6C307 /* Products */;
			projectDirPath = "";
			projectRoot = "";
			targets = (
				DEE508272AF5B1DF00F6C307 /* InstagramFirestoreTutorial */,
			);
		};
/* End PBXProject section */

/* Begin PBXResourcesBuildPhase section */
		DEE508262AF5B1DF00F6C307 /* Resources */ = {
			isa = PBXResourcesBuildPhase;
			buildActionMask = 2147483647;
			files = (
				DEE508382AF5B1E000F6C307 /* LaunchScreen.storyboard in Resources */,
				DEE508352AF5B1E000F6C307 /* Assets.xcassets in Resources */,
				DEE508332AF5B1DF00F6C307 /* Main.storyboard in Resources */,
			);
			runOnlyForDeploymentPostprocessing = 0;
		};
/* End PBXResourcesBuildPhase section */

/* Begin PBXSourcesBuildPhase section */
		DEE508242AF5B1DF00F6C307 /* Sources */ = {
			isa = PBXSourcesBuildPhase;
			buildActionMask = 2147483647;
			files = (
				DE741E5D2AFC392B005B82D4 /* CustomTextField.swift in Sources */,
				DEE508302AF5B1DF00F6C307 /* ViewController.swift in Sources */,
				DE69A8CF2AF98C60002D1226 /* LoginController.swift in Sources */,
				DEB9AF6E2AF6EDD500466782 /* FeedCell.swift in Sources */,
				DEE5084D2AF5B67000F6C307 /* ImageSelectorController.swift in Sources */,
				DE69A8D12AF98C78002D1226 /* RegstrationController.swift in Sources */,
				DEE5084B2AF5B65800F6C307 /* SearchController.swift in Sources */,
				DEE5082C2AF5B1DF00F6C307 /* AppDelegate.swift in Sources */,
				DEE508512AF5B6B600F6C307 /* ProfileController.swift in Sources */,
				DEE508492AF5B64300F6C307 /* FeedController.swift in Sources */,
				DEE508532AF5B88000F6C307 /* NotificationController.swift in Sources */,
				DEE508472AF5B3E600F6C307 /* MainTabController.swift in Sources */,
				DEB9AF702AF6EFB900466782 /* Extensions.swift in Sources */,
				DEE5082E2AF5B1DF00F6C307 /* SceneDelegate.swift in Sources */,
			);
			runOnlyForDeploymentPostprocessing = 0;
		};
/* End PBXSourcesBuildPhase section */

/* Begin PBXVariantGroup section */
		DEE508312AF5B1DF00F6C307 /* Main.storyboard */ = {
			isa = PBXVariantGroup;
			children = (
				DEE508322AF5B1DF00F6C307 /* Base */,
			);
			name = Main.storyboard;
			sourceTree = "<group>";
		};
		DEE508362AF5B1E000F6C307 /* LaunchScreen.storyboard */ = {
			isa = PBXVariantGroup;
			children = (
				DEE508372AF5B1E000F6C307 /* Base */,
			);
			name = LaunchScreen.storyboard;
			sourceTree = "<group>";
		};
/* End PBXVariantGroup section */

/* Begin XCBuildConfiguration section */
		DEE5083A2AF5B1E000F6C307 /* Debug */ = {
			isa = XCBuildConfiguration;
			buildSettings = {
				ALWAYS_SEARCH_USER_PATHS = NO;
				ASSETCATALOG_COMPILER_GENERATE_SWIFT_ASSET_SYMBOL_EXTENSIONS = YES;
				CLANG_ANALYZER_NONNULL = YES;
				CLANG_ANALYZER_NUMBER_OBJECT_CONVERSION = YES_AGGRESSIVE;
				CLANG_CXX_LANGUAGE_STANDARD = "gnu++20";
				CLANG_ENABLE_MODULES = YES;
				CLANG_ENABLE_OBJC_ARC = YES;
				CLANG_ENABLE_OBJC_WEAK = YES;
				CLANG_WARN_BLOCK_CAPTURE_AUTORELEASING = YES;
				CLANG_WARN_BOOL_CONVERSION = YES;
				CLANG_WARN_COMMA = YES;
				CLANG_WARN_CONSTANT_CONVERSION = YES;
				CLANG_WARN_DEPRECATED_OBJC_IMPLEMENTATIONS = YES;
				CLANG_WARN_DIRECT_OBJC_ISA_USAGE = YES_ERROR;
				CLANG_WARN_DOCUMENTATION_COMMENTS = YES;
				CLANG_WARN_EMPTY_BODY = YES;
				CLANG_WARN_ENUM_CONVERSION = YES;
				CLANG_WARN_INFINITE_RECURSION = YES;
				CLANG_WARN_INT_CONVERSION = YES;
				CLANG_WARN_NON_LITERAL_NULL_CONVERSION = YES;
				CLANG_WARN_OBJC_IMPLICIT_RETAIN_SELF = YES;
				CLANG_WARN_OBJC_LITERAL_CONVERSION = YES;
				CLANG_WARN_OBJC_ROOT_CLASS = YES_ERROR;
				CLANG_WARN_QUOTED_INCLUDE_IN_FRAMEWORK_HEADER = YES;
				CLANG_WARN_RANGE_LOOP_ANALYSIS = YES;
				CLANG_WARN_STRICT_PROTOTYPES = YES;
				CLANG_WARN_SUSPICIOUS_MOVE = YES;
				CLANG_WARN_UNGUARDED_AVAILABILITY = YES_AGGRESSIVE;
				CLANG_WARN_UNREACHABLE_CODE = YES;
				CLANG_WARN__DUPLICATE_METHOD_MATCH = YES;
				COPY_PHASE_STRIP = NO;
				DEBUG_INFORMATION_FORMAT = dwarf;
				ENABLE_STRICT_OBJC_MSGSEND = YES;
				ENABLE_TESTABILITY = YES;
				ENABLE_USER_SCRIPT_SANDBOXING = YES;
				GCC_C_LANGUAGE_STANDARD = gnu17;
				GCC_DYNAMIC_NO_PIC = NO;
				GCC_NO_COMMON_BLOCKS = YES;
				GCC_OPTIMIZATION_LEVEL = 0;
				GCC_PREPROCESSOR_DEFINITIONS = (
					"DEBUG=1",
					"$(inherited)",
				);
				GCC_WARN_64_TO_32_BIT_CONVERSION = YES;
				GCC_WARN_ABOUT_RETURN_TYPE = YES_ERROR;
				GCC_WARN_UNDECLARED_SELECTOR = YES;
				GCC_WARN_UNINITIALIZED_AUTOS = YES_AGGRESSIVE;
				GCC_WARN_UNUSED_FUNCTION = YES;
				GCC_WARN_UNUSED_VARIABLE = YES;
				IPHONEOS_DEPLOYMENT_TARGET = 15.0;
				LOCALIZATION_PREFERS_STRING_CATALOGS = YES;
				MTL_ENABLE_DEBUG_INFO = INCLUDE_SOURCE;
				MTL_FAST_MATH = YES;
				ONLY_ACTIVE_ARCH = YES;
				SDKROOT = iphoneos;
				SWIFT_ACTIVE_COMPILATION_CONDITIONS = "DEBUG $(inherited)";
				SWIFT_OPTIMIZATION_LEVEL = "-Onone";
			};
			name = Debug;
		};
		DEE5083B2AF5B1E000F6C307 /* Release */ = {
			isa = XCBuildConfiguration;
			buildSettings = {
				ALWAYS_SEARCH_USER_PATHS = NO;
				ASSETCATALOG_COMPILER_GENERATE_SWIFT_ASSET_SYMBOL_EXTENSIONS = YES;
				CLANG_ANALYZER_NONNULL = YES;
				CLANG_ANALYZER_NUMBER_OBJECT_CONVERSION = YES_AGGRESSIVE;
				CLANG_CXX_LANGUAGE_STANDARD = "gnu++20";
				CLANG_ENABLE_MODULES = YES;
				CLANG_ENABLE_OBJC_ARC = YES;
				CLANG_ENABLE_OBJC_WEAK = YES;
				CLANG_WARN_BLOCK_CAPTURE_AUTORELEASING = YES;
				CLANG_WARN_BOOL_CONVERSION = YES;
				CLANG_WARN_COMMA = YES;
				CLANG_WARN_CONSTANT_CONVERSION = YES;
				CLANG_WARN_DEPRECATED_OBJC_IMPLEMENTATIONS = YES;
				CLANG_WARN_DIRECT_OBJC_ISA_USAGE = YES_ERROR;
				CLANG_WARN_DOCUMENTATION_COMMENTS = YES;
				CLANG_WARN_EMPTY_BODY = YES;
				CLANG_WARN_ENUM_CONVERSION = YES;
				CLANG_WARN_INFINITE_RECURSION = YES;
				CLANG_WARN_INT_CONVERSION = YES;
				CLANG_WARN_NON_LITERAL_NULL_CONVERSION = YES;
				CLANG_WARN_OBJC_IMPLICIT_RETAIN_SELF = YES;
				CLANG_WARN_OBJC_LITERAL_CONVERSION = YES;
				CLANG_WARN_OBJC_ROOT_CLASS = YES_ERROR;
				CLANG_WARN_QUOTED_INCLUDE_IN_FRAMEWORK_HEADER = YES;
				CLANG_WARN_RANGE_LOOP_ANALYSIS = YES;
				CLANG_WARN_STRICT_PROTOTYPES = YES;
				CLANG_WARN_SUSPICIOUS_MOVE = YES;
				CLANG_WARN_UNGUARDED_AVAILABILITY = YES_AGGRESSIVE;
				CLANG_WARN_UNREACHABLE_CODE = YES;
				CLANG_WARN__DUPLICATE_METHOD_MATCH = YES;
				COPY_PHASE_STRIP = NO;
				DEBUG_INFORMATION_FORMAT = "dwarf-with-dsym";
				ENABLE_NS_ASSERTIONS = NO;
				ENABLE_STRICT_OBJC_MSGSEND = YES;
				ENABLE_USER_SCRIPT_SANDBOXING = YES;
				GCC_C_LANGUAGE_STANDARD = gnu17;
				GCC_NO_COMMON_BLOCKS = YES;
				GCC_WARN_64_TO_32_BIT_CONVERSION = YES;
				GCC_WARN_ABOUT_RETURN_TYPE = YES_ERROR;
				GCC_WARN_UNDECLARED_SELECTOR = YES;
				GCC_WARN_UNINITIALIZED_AUTOS = YES_AGGRESSIVE;
				GCC_WARN_UNUSED_FUNCTION = YES;
				GCC_WARN_UNUSED_VARIABLE = YES;
				IPHONEOS_DEPLOYMENT_TARGET = 15.0;
				LOCALIZATION_PREFERS_STRING_CATALOGS = YES;
				MTL_ENABLE_DEBUG_INFO = NO;
				MTL_FAST_MATH = YES;
				SDKROOT = iphoneos;
				SWIFT_COMPILATION_MODE = wholemodule;
				VALIDATE_PRODUCT = YES;
			};
			name = Release;
		};
		DEE5083D2AF5B1E000F6C307 /* Debug */ = {
			isa = XCBuildConfiguration;
			buildSettings = {
				ASSETCATALOG_COMPILER_APPICON_NAME = AppIcon;
				ASSETCATALOG_COMPILER_GLOBAL_ACCENT_COLOR_NAME = AccentColor;
				CODE_SIGN_STYLE = Automatic;
				CURRENT_PROJECT_VERSION = 1;
				DEVELOPMENT_TEAM = 6CBZZ2956M;
				GENERATE_INFOPLIST_FILE = YES;
				INFOPLIST_FILE = InstagramFirestoreTutorial/Info.plist;
				INFOPLIST_KEY_UIApplicationSupportsIndirectInputEvents = YES;
				INFOPLIST_KEY_UILaunchStoryboardName = LaunchScreen;
				INFOPLIST_KEY_UIMainStoryboardFile = Main;
				INFOPLIST_KEY_UISupportedInterfaceOrientations_iPad = "UIInterfaceOrientationPortrait UIInterfaceOrientationPortraitUpsideDown UIInterfaceOrientationLandscapeLeft UIInterfaceOrientationLandscapeRight";
				INFOPLIST_KEY_UISupportedInterfaceOrientations_iPhone = "UIInterfaceOrientationPortrait UIInterfaceOrientationLandscapeLeft UIInterfaceOrientationLandscapeRight";
				LD_RUNPATH_SEARCH_PATHS = (
					"$(inherited)",
					"@executable_path/Frameworks",
				);
				MARKETING_VERSION = 1.0;
				PRODUCT_BUNDLE_IDENTIFIER = com.raminagazade.InstagramFirestoreTutorial;
				PRODUCT_NAME = "$(TARGET_NAME)";
				SWIFT_EMIT_LOC_STRINGS = YES;
				SWIFT_VERSION = 5.0;
				TARGETED_DEVICE_FAMILY = "1,2";
			};
			name = Debug;
		};
		DEE5083E2AF5B1E000F6C307 /* Release */ = {
			isa = XCBuildConfiguration;
			buildSettings = {
				ASSETCATALOG_COMPILER_APPICON_NAME = AppIcon;
				ASSETCATALOG_COMPILER_GLOBAL_ACCENT_COLOR_NAME = AccentColor;
				CODE_SIGN_STYLE = Automatic;
				CURRENT_PROJECT_VERSION = 1;
				DEVELOPMENT_TEAM = 6CBZZ2956M;
				GENERATE_INFOPLIST_FILE = YES;
				INFOPLIST_FILE = InstagramFirestoreTutorial/Info.plist;
				INFOPLIST_KEY_UIApplicationSupportsIndirectInputEvents = YES;
				INFOPLIST_KEY_UILaunchStoryboardName = LaunchScreen;
				INFOPLIST_KEY_UIMainStoryboardFile = Main;
				INFOPLIST_KEY_UISupportedInterfaceOrientations_iPad = "UIInterfaceOrientationPortrait UIInterfaceOrientationPortraitUpsideDown UIInterfaceOrientationLandscapeLeft UIInterfaceOrientationLandscapeRight";
				INFOPLIST_KEY_UISupportedInterfaceOrientations_iPhone = "UIInterfaceOrientationPortrait UIInterfaceOrientationLandscapeLeft UIInterfaceOrientationLandscapeRight";
				LD_RUNPATH_SEARCH_PATHS = (
					"$(inherited)",
					"@executable_path/Frameworks",
				);
				MARKETING_VERSION = 1.0;
				PRODUCT_BUNDLE_IDENTIFIER = com.raminagazade.InstagramFirestoreTutorial;
				PRODUCT_NAME = "$(TARGET_NAME)";
				SWIFT_EMIT_LOC_STRINGS = YES;
				SWIFT_VERSION = 5.0;
				TARGETED_DEVICE_FAMILY = "1,2";
			};
			name = Release;
		};
/* End XCBuildConfiguration section */

/* Begin XCConfigurationList section */
		DEE508232AF5B1DF00F6C307 /* Build configuration list for PBXProject "InstagramFirestoreTutorial" */ = {
			isa = XCConfigurationList;
			buildConfigurations = (
				DEE5083A2AF5B1E000F6C307 /* Debug */,
				DEE5083B2AF5B1E000F6C307 /* Release */,
			);
			defaultConfigurationIsVisible = 0;
			defaultConfigurationName = Release;
		};
		DEE5083C2AF5B1E000F6C307 /* Build configuration list for PBXNativeTarget "InstagramFirestoreTutorial" */ = {
			isa = XCConfigurationList;
			buildConfigurations = (
				DEE5083D2AF5B1E000F6C307 /* Debug */,
				DEE5083E2AF5B1E000F6C307 /* Release */,
			);
			defaultConfigurationIsVisible = 0;
			defaultConfigurationName = Release;
		};
/* End XCConfigurationList section */
	};
	rootObject = DEE508202AF5B1DF00F6C307 /* Project object */;
}
